
Microsoft Visual Studio Solution File, Format Version 12.00
# Visual Studio Version 16
VisualStudioVersion = 16.0.29102.190
MinimumVisualStudioVersion = 10.0.40219.1
Project("{FAE04EC0-301F-11D3-BF4B-00C04F79EFBC}") = "Bahnkurve", "Bahnkurve\Bahnkurve.csproj", "{306B4939-2EE8-4E1C-B3F7-73827D9644BC}"
EndProject
Project("{FAE04EC0-301F-11D3-BF4B-00C04F79EFBC}") = "Anwendung", "Anwendung\Anwendung.csproj", "{78FA3379-6D9D-4C4F-BBCA-3BF12CE9EC9A}"
EndProject
Project("{FAE04EC0-301F-11D3-BF4B-00C04F79EFBC}") = "Mathematik", "Mathematik\Mathematik.csproj", "{49BF6A43-05C5-4A49-9D13-2232C5220F9F}"
EndProject
Project("{FAE04EC0-301F-11D3-BF4B-00C04F79EFBC}") = "Kennlinienmodell", "Kennlinienmodell\Kennlinienmodell.csproj", "{59441A5B-814F-438B-92BC-D5301D6B22D5}"
EndProject
Global
	GlobalSection(SolutionConfigurationPlatforms) = preSolution
		Debug|Any CPU = Debug|Any CPU
		Release|Any CPU = Release|Any CPU
	EndGlobalSection
	GlobalSection(ProjectConfigurationPlatforms) = postSolution
		{306B4939-2EE8-4E1C-B3F7-73827D9644BC}.Debug|Any CPU.ActiveCfg = Debug|Any CPU
		{306B4939-2EE8-4E1C-B3F7-73827D9644BC}.Debug|Any CPU.Build.0 = Debug|Any CPU
		{306B4939-2EE8-4E1C-B3F7-73827D9644BC}.Release|Any CPU.ActiveCfg = Release|Any CPU
		{306B4939-2EE8-4E1C-B3F7-73827D9644BC}.Release|Any CPU.Build.0 = Release|Any CPU
		{78FA3379-6D9D-4C4F-BBCA-3BF12CE9EC9A}.Debug|Any CPU.ActiveCfg = Debug|Any CPU
		{78FA3379-6D9D-4C4F-BBCA-3BF12CE9EC9A}.Debug|Any CPU.Build.0 = Debug|Any CPU
		{78FA3379-6D9D-4C4F-BBCA-3BF12CE9EC9A}.Release|Any CPU.ActiveCfg = Release|Any CPU
		{78FA3379-6D9D-4C4F-BBCA-3BF12CE9EC9A}.Release|Any CPU.Build.0 = Release|Any CPU
		{49BF6A43-05C5-4A49-9D13-2232C5220F9F}.Debug|Any CPU.ActiveCfg = Debug|Any CPU
		{49BF6A43-05C5-4A49-9D13-2232C5220F9F}.Debug|Any CPU.Build.0 = Debug|Any CPU
		{49BF6A43-05C5-4A49-9D13-2232C5220F9F}.Release|Any CPU.ActiveCfg = Release|Any CPU
		{49BF6A43-05C5-4A49-9D13-2232C5220F9F}.Release|Any CPU.Build.0 = Release|Any CPU
		{59441A5B-814F-438B-92BC-D5301D6B22D5}.Debug|Any CPU.ActiveCfg = Debug|Any CPU
		{59441A5B-814F-438B-92BC-D5301D6B22D5}.Debug|Any CPU.Build.0 = Debug|Any CPU
		{59441A5B-814F-438B-92BC-D5301D6B22D5}.Release|Any CPU.ActiveCfg = Release|Any CPU
		{59441A5B-814F-438B-92BC-D5301D6B22D5}.Release|Any CPU.Build.0 = Release|Any CPU
	EndGlobalSection
	GlobalSection(SolutionProperties) = preSolution
		HideSolutionNode = FALSE
	EndGlobalSection
	GlobalSection(ExtensibilityGlobals) = postSolution
		SolutionGuid = {4D0C75CC-8C2E-462A-9903-1617CFBDA290}
	EndGlobalSection
EndGlobal
